// !$*UTF8*$!
{
	archiveVersion = 1;
	classes = {
	};
	objectVersion = 55;
	objects = {

/* Begin PBXBuildFile section */
		0FCB214E28C69B66004D6CF9 /* TopStoriesListProtocols.swift in Sources */ = {isa = PBXBuildFile; fileRef = 0FCB214D28C69B66004D6CF9 /* TopStoriesListProtocols.swift */; };
		0FCB215028C69CE7004D6CF9 /* TopStoriesListInteractor.swift in Sources */ = {isa = PBXBuildFile; fileRef = 0FCB214F28C69CE7004D6CF9 /* TopStoriesListInteractor.swift */; };
		0FCB215228C69DDF004D6CF9 /* TopStoriesListInteractorTest.swift in Sources */ = {isa = PBXBuildFile; fileRef = 0FCB215128C69DDF004D6CF9 /* TopStoriesListInteractorTest.swift */; };
		0FCB215428C6B173004D6CF9 /* TopStoriesEndPoint.swift in Sources */ = {isa = PBXBuildFile; fileRef = 0FCB215328C6B173004D6CF9 /* TopStoriesEndPoint.swift */; };
		0FCB215A28C7C3E8004D6CF9 /* Constants.swift in Sources */ = {isa = PBXBuildFile; fileRef = 0FCB215928C7C3E8004D6CF9 /* Constants.swift */; };
		0FCB216028C7D678004D6CF9 /* Routable.swift in Sources */ = {isa = PBXBuildFile; fileRef = 0FCB215F28C7D678004D6CF9 /* Routable.swift */; };
		0FCB216328C7E00B004D6CF9 /* URL+QueryItems.swift in Sources */ = {isa = PBXBuildFile; fileRef = 0FCB216228C7E00B004D6CF9 /* URL+QueryItems.swift */; };
		0FD3E5F728C501D3006E188D /* StoryItem.swift in Sources */ = {isa = PBXBuildFile; fileRef = 0FD3E5F628C501D3006E188D /* StoryItem.swift */; };
		0FD3E5F928C550F2006E188D /* TopStoriesServiceResponseModel.swift in Sources */ = {isa = PBXBuildFile; fileRef = 0FD3E5F828C550F2006E188D /* TopStoriesServiceResponseModel.swift */; };
		0FD3E5FD28C5554B006E188D /* HTTPClient.swift in Sources */ = {isa = PBXBuildFile; fileRef = 0FD3E5FC28C5554B006E188D /* HTTPClient.swift */; };
		0FD3E5FF28C560AA006E188D /* URLSessionClient.swift in Sources */ = {isa = PBXBuildFile; fileRef = 0FD3E5FE28C560AA006E188D /* URLSessionClient.swift */; };
		0FD3E60128C5EEBB006E188D /* URLSessionClientTest.swift in Sources */ = {isa = PBXBuildFile; fileRef = 0FD3E60028C5EEBB006E188D /* URLSessionClientTest.swift */; };
		0FE57F0228C3777900874B3D /* AppDelegate.swift in Sources */ = {isa = PBXBuildFile; fileRef = 0FE57F0128C3777900874B3D /* AppDelegate.swift */; };
		0FE57F0B28C3777C00874B3D /* Assets.xcassets in Resources */ = {isa = PBXBuildFile; fileRef = 0FE57F0A28C3777C00874B3D /* Assets.xcassets */; };
		0FE57F0E28C3777C00874B3D /* LaunchScreen.storyboard in Resources */ = {isa = PBXBuildFile; fileRef = 0FE57F0C28C3777C00874B3D /* LaunchScreen.storyboard */; };
		0FE57F4128C3E1C400874B3D /* TopStoriesServiceTest.swift in Sources */ = {isa = PBXBuildFile; fileRef = 0FE57F4028C3E1C400874B3D /* TopStoriesServiceTest.swift */; };
		0FE57F4828C3E2AF00874B3D /* TopStoriesService.swift in Sources */ = {isa = PBXBuildFile; fileRef = 0FE57F4728C3E2AF00874B3D /* TopStoriesService.swift */; };
		0FE57F4A28C3E31100874B3D /* TopStoriesServiceProtocol.swift in Sources */ = {isa = PBXBuildFile; fileRef = 0FE57F4928C3E31100874B3D /* TopStoriesServiceProtocol.swift */; };
/* End PBXBuildFile section */

/* Begin PBXContainerItemProxy section */
		0FE57F4228C3E1C400874B3D /* PBXContainerItemProxy */ = {
			isa = PBXContainerItemProxy;
			containerPortal = 0FE57EF628C3777900874B3D /* Project object */;
			proxyType = 1;
			remoteGlobalIDString = 0FE57EFD28C3777900874B3D;
			remoteInfo = TopStories;
		};
/* End PBXContainerItemProxy section */

/* Begin PBXFileReference section */
		0FCB214D28C69B66004D6CF9 /* TopStoriesListProtocols.swift */ = {isa = PBXFileReference; lastKnownFileType = sourcecode.swift; path = TopStoriesListProtocols.swift; sourceTree = "<group>"; };
		0FCB214F28C69CE7004D6CF9 /* TopStoriesListInteractor.swift */ = {isa = PBXFileReference; lastKnownFileType = sourcecode.swift; path = TopStoriesListInteractor.swift; sourceTree = "<group>"; };
		0FCB215128C69DDF004D6CF9 /* TopStoriesListInteractorTest.swift */ = {isa = PBXFileReference; lastKnownFileType = sourcecode.swift; path = TopStoriesListInteractorTest.swift; sourceTree = "<group>"; };
		0FCB215328C6B173004D6CF9 /* TopStoriesEndPoint.swift */ = {isa = PBXFileReference; lastKnownFileType = sourcecode.swift; path = TopStoriesEndPoint.swift; sourceTree = "<group>"; };
		0FCB215928C7C3E8004D6CF9 /* Constants.swift */ = {isa = PBXFileReference; lastKnownFileType = sourcecode.swift; path = Constants.swift; sourceTree = "<group>"; };
		0FCB215F28C7D678004D6CF9 /* Routable.swift */ = {isa = PBXFileReference; lastKnownFileType = sourcecode.swift; path = Routable.swift; sourceTree = "<group>"; };
		0FCB216228C7E00B004D6CF9 /* URL+QueryItems.swift */ = {isa = PBXFileReference; lastKnownFileType = sourcecode.swift; path = "URL+QueryItems.swift"; sourceTree = "<group>"; };
		0FD3E5F628C501D3006E188D /* StoryItem.swift */ = {isa = PBXFileReference; lastKnownFileType = sourcecode.swift; path = StoryItem.swift; sourceTree = "<group>"; };
		0FD3E5F828C550F2006E188D /* TopStoriesServiceResponseModel.swift */ = {isa = PBXFileReference; lastKnownFileType = sourcecode.swift; path = TopStoriesServiceResponseModel.swift; sourceTree = "<group>"; };
		0FD3E5FC28C5554B006E188D /* HTTPClient.swift */ = {isa = PBXFileReference; lastKnownFileType = sourcecode.swift; path = HTTPClient.swift; sourceTree = "<group>"; };
		0FD3E5FE28C560AA006E188D /* URLSessionClient.swift */ = {isa = PBXFileReference; lastKnownFileType = sourcecode.swift; path = URLSessionClient.swift; sourceTree = "<group>"; };
		0FD3E60028C5EEBB006E188D /* URLSessionClientTest.swift */ = {isa = PBXFileReference; lastKnownFileType = sourcecode.swift; path = URLSessionClientTest.swift; sourceTree = "<group>"; };
		0FE57EFE28C3777900874B3D /* TopStories.app */ = {isa = PBXFileReference; explicitFileType = wrapper.application; includeInIndex = 0; path = TopStories.app; sourceTree = BUILT_PRODUCTS_DIR; };
		0FE57F0128C3777900874B3D /* AppDelegate.swift */ = {isa = PBXFileReference; lastKnownFileType = sourcecode.swift; path = AppDelegate.swift; sourceTree = "<group>"; };
		0FE57F0A28C3777C00874B3D /* Assets.xcassets */ = {isa = PBXFileReference; lastKnownFileType = folder.assetcatalog; path = Assets.xcassets; sourceTree = "<group>"; };
		0FE57F0D28C3777C00874B3D /* Base */ = {isa = PBXFileReference; lastKnownFileType = file.storyboard; name = Base; path = Base.lproj/LaunchScreen.storyboard; sourceTree = "<group>"; };
		0FE57F0F28C3777C00874B3D /* Info.plist */ = {isa = PBXFileReference; lastKnownFileType = text.plist.xml; path = Info.plist; sourceTree = "<group>"; };
		0FE57F3E28C3E1C400874B3D /* TopStoriesTests.xctest */ = {isa = PBXFileReference; explicitFileType = wrapper.cfbundle; includeInIndex = 0; path = TopStoriesTests.xctest; sourceTree = BUILT_PRODUCTS_DIR; };
		0FE57F4028C3E1C400874B3D /* TopStoriesServiceTest.swift */ = {isa = PBXFileReference; lastKnownFileType = sourcecode.swift; path = TopStoriesServiceTest.swift; sourceTree = "<group>"; };
		0FE57F4728C3E2AF00874B3D /* TopStoriesService.swift */ = {isa = PBXFileReference; lastKnownFileType = sourcecode.swift; path = TopStoriesService.swift; sourceTree = "<group>"; };
		0FE57F4928C3E31100874B3D /* TopStoriesServiceProtocol.swift */ = {isa = PBXFileReference; lastKnownFileType = sourcecode.swift; path = TopStoriesServiceProtocol.swift; sourceTree = "<group>"; };
/* End PBXFileReference section */

/* Begin PBXFrameworksBuildPhase section */
		0FE57EFB28C3777900874B3D /* Frameworks */ = {
			isa = PBXFrameworksBuildPhase;
			buildActionMask = 2147483647;
			files = (
			);
			runOnlyForDeploymentPostprocessing = 0;
		};
		0FE57F3B28C3E1C400874B3D /* Frameworks */ = {
			isa = PBXFrameworksBuildPhase;
			buildActionMask = 2147483647;
			files = (
			);
			runOnlyForDeploymentPostprocessing = 0;
		};
/* End PBXFrameworksBuildPhase section */

/* Begin PBXGroup section */
		0FCB215828C6B1E8004D6CF9 /* Client */ = {
			isa = PBXGroup;
			children = (
				0FD3E5FC28C5554B006E188D /* HTTPClient.swift */,
				0FD3E5FE28C560AA006E188D /* URLSessionClient.swift */,
			);
			path = Client;
			sourceTree = "<group>";
		};
		0FCB215E28C7D66B004D6CF9 /* Routable */ = {
			isa = PBXGroup;
			children = (
				0FCB215F28C7D678004D6CF9 /* Routable.swift */,
			);
			path = Routable;
			sourceTree = "<group>";
		};
		0FCB216128C7DFB9004D6CF9 /* Extrensions */ = {
			isa = PBXGroup;
			children = (
				0FCB216228C7E00B004D6CF9 /* URL+QueryItems.swift */,
			);
			path = Extrensions;
			sourceTree = "<group>";
		};
		0FD3E5F428C49EDA006E188D /* TopStoriesApi */ = {
			isa = PBXGroup;
			children = (
				0FE57F4928C3E31100874B3D /* TopStoriesServiceProtocol.swift */,
				0FE57F4728C3E2AF00874B3D /* TopStoriesService.swift */,
				0FD3E5F828C550F2006E188D /* TopStoriesServiceResponseModel.swift */,
				0FCB215328C6B173004D6CF9 /* TopStoriesEndPoint.swift */,
			);
			path = TopStoriesApi;
			sourceTree = "<group>";
		};
		0FD3E5F528C501AA006E188D /* Entities */ = {
			isa = PBXGroup;
			children = (
				0FD3E5F628C501D3006E188D /* StoryItem.swift */,
			);
			path = Entities;
			sourceTree = "<group>";
		};
		0FD3E5FA28C55529006E188D /* Network */ = {
			isa = PBXGroup;
			children = (
				0FCB215E28C7D66B004D6CF9 /* Routable */,
				0FCB215828C6B1E8004D6CF9 /* Client */,
			);
			path = Network;
			sourceTree = "<group>";
		};
		0FD3E5FB28C55535006E188D /* Core */ = {
			isa = PBXGroup;
			children = (
				0FCB215928C7C3E8004D6CF9 /* Constants.swift */,
				0FD3E5FA28C55529006E188D /* Network */,
				0FD3E5F528C501AA006E188D /* Entities */,
				0FCB216128C7DFB9004D6CF9 /* Extrensions */,
			);
			path = Core;
			sourceTree = "<group>";
		};
		0FE57EF528C3777900874B3D = {
			isa = PBXGroup;
			children = (
				0FE57F0028C3777900874B3D /* TopStories */,
				0FE57F3F28C3E1C400874B3D /* TopStoriesTests */,
				0FE57EFF28C3777900874B3D /* Products */,
			);
			sourceTree = "<group>";
		};
		0FE57EFF28C3777900874B3D /* Products */ = {
			isa = PBXGroup;
			children = (
				0FE57EFE28C3777900874B3D /* TopStories.app */,
				0FE57F3E28C3E1C400874B3D /* TopStoriesTests.xctest */,
			);
			name = Products;
			sourceTree = "<group>";
		};
		0FE57F0028C3777900874B3D /* TopStories */ = {
			isa = PBXGroup;
			children = (
				0FD3E5FB28C55535006E188D /* Core */,
				0FE57F3728C3E04500874B3D /* Features */,
				0FE57F0128C3777900874B3D /* AppDelegate.swift */,
				0FE57F0A28C3777C00874B3D /* Assets.xcassets */,
				0FE57F0C28C3777C00874B3D /* LaunchScreen.storyboard */,
				0FE57F0F28C3777C00874B3D /* Info.plist */,
			);
			path = TopStories;
			sourceTree = "<group>";
		};
		0FE57F3728C3E04500874B3D /* Features */ = {
			isa = PBXGroup;
			children = (
				0FE57F3828C3E05700874B3D /* TopStoriesList */,
			);
			path = Features;
			sourceTree = "<group>";
		};
		0FE57F3828C3E05700874B3D /* TopStoriesList */ = {
			isa = PBXGroup;
			children = (
				0FD3E5F428C49EDA006E188D /* TopStoriesApi */,
				0FCB214D28C69B66004D6CF9 /* TopStoriesListProtocols.swift */,
				0FCB214F28C69CE7004D6CF9 /* TopStoriesListInteractor.swift */,
			);
			path = TopStoriesList;
			sourceTree = "<group>";
		};
		0FE57F3F28C3E1C400874B3D /* TopStoriesTests */ = {
			isa = PBXGroup;
			children = (
				0FE57F4028C3E1C400874B3D /* TopStoriesServiceTest.swift */,
				0FD3E60028C5EEBB006E188D /* URLSessionClientTest.swift */,
				0FCB215128C69DDF004D6CF9 /* TopStoriesListInteractorTest.swift */,
			);
			path = TopStoriesTests;
			sourceTree = "<group>";
		};
/* End PBXGroup section */

/* Begin PBXNativeTarget section */
		0FE57EFD28C3777900874B3D /* TopStories */ = {
			isa = PBXNativeTarget;
			buildConfigurationList = 0FE57F1228C3777C00874B3D /* Build configuration list for PBXNativeTarget "TopStories" */;
			buildPhases = (
				0FE57EFA28C3777900874B3D /* Sources */,
				0FE57EFB28C3777900874B3D /* Frameworks */,
				0FE57EFC28C3777900874B3D /* Resources */,
			);
			buildRules = (
			);
			dependencies = (
			);
			name = TopStories;
			productName = TopStories;
			productReference = 0FE57EFE28C3777900874B3D /* TopStories.app */;
			productType = "com.apple.product-type.application";
		};
		0FE57F3D28C3E1C400874B3D /* TopStoriesTests */ = {
			isa = PBXNativeTarget;
			buildConfigurationList = 0FE57F4428C3E1C400874B3D /* Build configuration list for PBXNativeTarget "TopStoriesTests" */;
			buildPhases = (
				0FE57F3A28C3E1C400874B3D /* Sources */,
				0FE57F3B28C3E1C400874B3D /* Frameworks */,
				0FE57F3C28C3E1C400874B3D /* Resources */,
			);
			buildRules = (
			);
			dependencies = (
				0FE57F4328C3E1C400874B3D /* PBXTargetDependency */,
			);
			name = TopStoriesTests;
			productName = TopStoriesTests;
			productReference = 0FE57F3E28C3E1C400874B3D /* TopStoriesTests.xctest */;
			productType = "com.apple.product-type.bundle.unit-test";
		};
/* End PBXNativeTarget section */

/* Begin PBXProject section */
		0FE57EF628C3777900874B3D /* Project object */ = {
			isa = PBXProject;
			attributes = {
				BuildIndependentTargetsInParallel = 1;
				LastSwiftUpdateCheck = 1340;
				LastUpgradeCheck = 1340;
				TargetAttributes = {
					0FE57EFD28C3777900874B3D = {
						CreatedOnToolsVersion = 13.4.1;
					};
					0FE57F3D28C3E1C400874B3D = {
						CreatedOnToolsVersion = 13.4.1;
						TestTargetID = 0FE57EFD28C3777900874B3D;
					};
				};
			};
			buildConfigurationList = 0FE57EF928C3777900874B3D /* Build configuration list for PBXProject "TopStories" */;
			compatibilityVersion = "Xcode 13.0";
			developmentRegion = en;
			hasScannedForEncodings = 0;
			knownRegions = (
				en,
				Base,
			);
			mainGroup = 0FE57EF528C3777900874B3D;
			productRefGroup = 0FE57EFF28C3777900874B3D /* Products */;
			projectDirPath = "";
			projectRoot = "";
			targets = (
				0FE57EFD28C3777900874B3D /* TopStories */,
				0FE57F3D28C3E1C400874B3D /* TopStoriesTests */,
			);
		};
/* End PBXProject section */

/* Begin PBXResourcesBuildPhase section */
		0FE57EFC28C3777900874B3D /* Resources */ = {
			isa = PBXResourcesBuildPhase;
			buildActionMask = 2147483647;
			files = (
				0FE57F0E28C3777C00874B3D /* LaunchScreen.storyboard in Resources */,
				0FE57F0B28C3777C00874B3D /* Assets.xcassets in Resources */,
			);
			runOnlyForDeploymentPostprocessing = 0;
		};
		0FE57F3C28C3E1C400874B3D /* Resources */ = {
			isa = PBXResourcesBuildPhase;
			buildActionMask = 2147483647;
			files = (
			);
			runOnlyForDeploymentPostprocessing = 0;
		};
/* End PBXResourcesBuildPhase section */

/* Begin PBXSourcesBuildPhase section */
		0FE57EFA28C3777900874B3D /* Sources */ = {
			isa = PBXSourcesBuildPhase;
			buildActionMask = 2147483647;
			files = (
				0FE57F0228C3777900874B3D /* AppDelegate.swift in Sources */,
				0FCB216328C7E00B004D6CF9 /* URL+QueryItems.swift in Sources */,
				0FE57F4A28C3E31100874B3D /* TopStoriesServiceProtocol.swift in Sources */,
				0FD3E5FD28C5554B006E188D /* HTTPClient.swift in Sources */,
				0FD3E5F728C501D3006E188D /* StoryItem.swift in Sources */,
				0FCB215028C69CE7004D6CF9 /* TopStoriesListInteractor.swift in Sources */,
				0FD3E5FF28C560AA006E188D /* URLSessionClient.swift in Sources */,
				0FCB214E28C69B66004D6CF9 /* TopStoriesListProtocols.swift in Sources */,
				0FCB216028C7D678004D6CF9 /* Routable.swift in Sources */,
				0FD3E5F928C550F2006E188D /* TopStoriesServiceResponseModel.swift in Sources */,
				0FCB215428C6B173004D6CF9 /* TopStoriesEndPoint.swift in Sources */,
				0FE57F4828C3E2AF00874B3D /* TopStoriesService.swift in Sources */,
				0FCB215A28C7C3E8004D6CF9 /* Constants.swift in Sources */,
			);
			runOnlyForDeploymentPostprocessing = 0;
		};
		0FE57F3A28C3E1C400874B3D /* Sources */ = {
			isa = PBXSourcesBuildPhase;
			buildActionMask = 2147483647;
			files = (
				0FE57F4128C3E1C400874B3D /* TopStoriesServiceTest.swift in Sources */,
				0FD3E60128C5EEBB006E188D /* URLSessionClientTest.swift in Sources */,
				0FCB215228C69DDF004D6CF9 /* TopStoriesListInteractorTest.swift in Sources */,
			);
			runOnlyForDeploymentPostprocessing = 0;
		};
/* End PBXSourcesBuildPhase section */

/* Begin PBXTargetDependency section */
		0FE57F4328C3E1C400874B3D /* PBXTargetDependency */ = {
			isa = PBXTargetDependency;
			target = 0FE57EFD28C3777900874B3D /* TopStories */;
			targetProxy = 0FE57F4228C3E1C400874B3D /* PBXContainerItemProxy */;
		};
/* End PBXTargetDependency section */

/* Begin PBXVariantGroup section */
		0FE57F0C28C3777C00874B3D /* LaunchScreen.storyboard */ = {
			isa = PBXVariantGroup;
			children = (
				0FE57F0D28C3777C00874B3D /* Base */,
			);
			name = LaunchScreen.storyboard;
			sourceTree = "<group>";
		};
/* End PBXVariantGroup section */

/* Begin XCBuildConfiguration section */
		0FE57F1028C3777C00874B3D /* Debug */ = {
			isa = XCBuildConfiguration;
			buildSettings = {
				ALWAYS_SEARCH_USER_PATHS = NO;
				CLANG_ANALYZER_NONNULL = YES;
				CLANG_ANALYZER_NUMBER_OBJECT_CONVERSION = YES_AGGRESSIVE;
				CLANG_CXX_LANGUAGE_STANDARD = "gnu++17";
				CLANG_ENABLE_MODULES = YES;
				CLANG_ENABLE_OBJC_ARC = YES;
				CLANG_ENABLE_OBJC_WEAK = YES;
				CLANG_WARN_BLOCK_CAPTURE_AUTORELEASING = YES;
				CLANG_WARN_BOOL_CONVERSION = YES;
				CLANG_WARN_COMMA = YES;
				CLANG_WARN_CONSTANT_CONVERSION = YES;
				CLANG_WARN_DEPRECATED_OBJC_IMPLEMENTATIONS = YES;
				CLANG_WARN_DIRECT_OBJC_ISA_USAGE = YES_ERROR;
				CLANG_WARN_DOCUMENTATION_COMMENTS = YES;
				CLANG_WARN_EMPTY_BODY = YES;
				CLANG_WARN_ENUM_CONVERSION = YES;
				CLANG_WARN_INFINITE_RECURSION = YES;
				CLANG_WARN_INT_CONVERSION = YES;
				CLANG_WARN_NON_LITERAL_NULL_CONVERSION = YES;
				CLANG_WARN_OBJC_IMPLICIT_RETAIN_SELF = YES;
				CLANG_WARN_OBJC_LITERAL_CONVERSION = YES;
				CLANG_WARN_OBJC_ROOT_CLASS = YES_ERROR;
				CLANG_WARN_QUOTED_INCLUDE_IN_FRAMEWORK_HEADER = YES;
				CLANG_WARN_RANGE_LOOP_ANALYSIS = YES;
				CLANG_WARN_STRICT_PROTOTYPES = YES;
				CLANG_WARN_SUSPICIOUS_MOVE = YES;
				CLANG_WARN_UNGUARDED_AVAILABILITY = YES_AGGRESSIVE;
				CLANG_WARN_UNREACHABLE_CODE = YES;
				CLANG_WARN__DUPLICATE_METHOD_MATCH = YES;
				COPY_PHASE_STRIP = NO;
				DEBUG_INFORMATION_FORMAT = dwarf;
				ENABLE_STRICT_OBJC_MSGSEND = YES;
				ENABLE_TESTABILITY = YES;
				GCC_C_LANGUAGE_STANDARD = gnu11;
				GCC_DYNAMIC_NO_PIC = NO;
				GCC_NO_COMMON_BLOCKS = YES;
				GCC_OPTIMIZATION_LEVEL = 0;
				GCC_PREPROCESSOR_DEFINITIONS = (
					"DEBUG=1",
					"$(inherited)",
				);
				GCC_WARN_64_TO_32_BIT_CONVERSION = YES;
				GCC_WARN_ABOUT_RETURN_TYPE = YES_ERROR;
				GCC_WARN_UNDECLARED_SELECTOR = YES;
				GCC_WARN_UNINITIALIZED_AUTOS = YES_AGGRESSIVE;
				GCC_WARN_UNUSED_FUNCTION = YES;
				GCC_WARN_UNUSED_VARIABLE = YES;
				IPHONEOS_DEPLOYMENT_TARGET = 15.5;
				MTL_ENABLE_DEBUG_INFO = INCLUDE_SOURCE;
				MTL_FAST_MATH = YES;
				ONLY_ACTIVE_ARCH = YES;
				SDKROOT = iphoneos;
				SWIFT_ACTIVE_COMPILATION_CONDITIONS = DEBUG;
				SWIFT_OPTIMIZATION_LEVEL = "-Onone";
			};
			name = Debug;
		};
		0FE57F1128C3777C00874B3D /* Release */ = {
			isa = XCBuildConfiguration;
			buildSettings = {
				ALWAYS_SEARCH_USER_PATHS = NO;
				CLANG_ANALYZER_NONNULL = YES;
				CLANG_ANALYZER_NUMBER_OBJECT_CONVERSION = YES_AGGRESSIVE;
				CLANG_CXX_LANGUAGE_STANDARD = "gnu++17";
				CLANG_ENABLE_MODULES = YES;
				CLANG_ENABLE_OBJC_ARC = YES;
				CLANG_ENABLE_OBJC_WEAK = YES;
				CLANG_WARN_BLOCK_CAPTURE_AUTORELEASING = YES;
				CLANG_WARN_BOOL_CONVERSION = YES;
				CLANG_WARN_COMMA = YES;
				CLANG_WARN_CONSTANT_CONVERSION = YES;
				CLANG_WARN_DEPRECATED_OBJC_IMPLEMENTATIONS = YES;
				CLANG_WARN_DIRECT_OBJC_ISA_USAGE = YES_ERROR;
				CLANG_WARN_DOCUMENTATION_COMMENTS = YES;
				CLANG_WARN_EMPTY_BODY = YES;
				CLANG_WARN_ENUM_CONVERSION = YES;
				CLANG_WARN_INFINITE_RECURSION = YES;
				CLANG_WARN_INT_CONVERSION = YES;
				CLANG_WARN_NON_LITERAL_NULL_CONVERSION = YES;
				CLANG_WARN_OBJC_IMPLICIT_RETAIN_SELF = YES;
				CLANG_WARN_OBJC_LITERAL_CONVERSION = YES;
				CLANG_WARN_OBJC_ROOT_CLASS = YES_ERROR;
				CLANG_WARN_QUOTED_INCLUDE_IN_FRAMEWORK_HEADER = YES;
				CLANG_WARN_RANGE_LOOP_ANALYSIS = YES;
				CLANG_WARN_STRICT_PROTOTYPES = YES;
				CLANG_WARN_SUSPICIOUS_MOVE = YES;
				CLANG_WARN_UNGUARDED_AVAILABILITY = YES_AGGRESSIVE;
				CLANG_WARN_UNREACHABLE_CODE = YES;
				CLANG_WARN__DUPLICATE_METHOD_MATCH = YES;
				COPY_PHASE_STRIP = NO;
				DEBUG_INFORMATION_FORMAT = "dwarf-with-dsym";
				ENABLE_NS_ASSERTIONS = NO;
				ENABLE_STRICT_OBJC_MSGSEND = YES;
				GCC_C_LANGUAGE_STANDARD = gnu11;
				GCC_NO_COMMON_BLOCKS = YES;
				GCC_WARN_64_TO_32_BIT_CONVERSION = YES;
				GCC_WARN_ABOUT_RETURN_TYPE = YES_ERROR;
				GCC_WARN_UNDECLARED_SELECTOR = YES;
				GCC_WARN_UNINITIALIZED_AUTOS = YES_AGGRESSIVE;
				GCC_WARN_UNUSED_FUNCTION = YES;
				GCC_WARN_UNUSED_VARIABLE = YES;
				IPHONEOS_DEPLOYMENT_TARGET = 15.5;
				MTL_ENABLE_DEBUG_INFO = NO;
				MTL_FAST_MATH = YES;
				SDKROOT = iphoneos;
				SWIFT_COMPILATION_MODE = wholemodule;
				SWIFT_OPTIMIZATION_LEVEL = "-O";
				VALIDATE_PRODUCT = YES;
			};
			name = Release;
		};
		0FE57F1328C3777C00874B3D /* Debug */ = {
			isa = XCBuildConfiguration;
			buildSettings = {
				ASSETCATALOG_COMPILER_APPICON_NAME = AppIcon;
				ASSETCATALOG_COMPILER_GLOBAL_ACCENT_COLOR_NAME = AccentColor;
				CODE_SIGN_STYLE = Automatic;
				CURRENT_PROJECT_VERSION = 1;
				DEVELOPMENT_TEAM = X363N4R9JN;
				GENERATE_INFOPLIST_FILE = YES;
				INFOPLIST_FILE = TopStories/Info.plist;
				INFOPLIST_KEY_UIApplicationSupportsIndirectInputEvents = YES;
				INFOPLIST_KEY_UILaunchStoryboardName = LaunchScreen;
				INFOPLIST_KEY_UISupportedInterfaceOrientations_iPad = "UIInterfaceOrientationPortrait UIInterfaceOrientationPortraitUpsideDown UIInterfaceOrientationLandscapeLeft UIInterfaceOrientationLandscapeRight";
				INFOPLIST_KEY_UISupportedInterfaceOrientations_iPhone = "UIInterfaceOrientationPortrait UIInterfaceOrientationLandscapeLeft UIInterfaceOrientationLandscapeRight";
				IPHONEOS_DEPLOYMENT_TARGET = 12.0;
				LD_RUNPATH_SEARCH_PATHS = (
					"$(inherited)",
					"@executable_path/Frameworks",
				);
				MARKETING_VERSION = 1.0;
				PRODUCT_BUNDLE_IDENTIFIER = com.TopStories;
				PRODUCT_NAME = "$(TARGET_NAME)";
				SWIFT_EMIT_LOC_STRINGS = YES;
				SWIFT_VERSION = 5.0;
				TARGETED_DEVICE_FAMILY = 1;
			};
			name = Debug;
		};
		0FE57F1428C3777C00874B3D /* Release */ = {
			isa = XCBuildConfiguration;
			buildSettings = {
				ASSETCATALOG_COMPILER_APPICON_NAME = AppIcon;
				ASSETCATALOG_COMPILER_GLOBAL_ACCENT_COLOR_NAME = AccentColor;
				CODE_SIGN_STYLE = Automatic;
				CURRENT_PROJECT_VERSION = 1;
				DEVELOPMENT_TEAM = X363N4R9JN;
				GENERATE_INFOPLIST_FILE = YES;
				INFOPLIST_FILE = TopStories/Info.plist;
				INFOPLIST_KEY_UIApplicationSupportsIndirectInputEvents = YES;
				INFOPLIST_KEY_UILaunchStoryboardName = LaunchScreen;
				INFOPLIST_KEY_UISupportedInterfaceOrientations_iPad = "UIInterfaceOrientationPortrait UIInterfaceOrientationPortraitUpsideDown UIInterfaceOrientationLandscapeLeft UIInterfaceOrientationLandscapeRight";
				INFOPLIST_KEY_UISupportedInterfaceOrientations_iPhone = "UIInterfaceOrientationPortrait UIInterfaceOrientationLandscapeLeft UIInterfaceOrientationLandscapeRight";
				IPHONEOS_DEPLOYMENT_TARGET = 12.0;
				LD_RUNPATH_SEARCH_PATHS = (
					"$(inherited)",
					"@executable_path/Frameworks",
				);
				MARKETING_VERSION = 1.0;
				PRODUCT_BUNDLE_IDENTIFIER = com.TopStories;
				PRODUCT_NAME = "$(TARGET_NAME)";
				SWIFT_EMIT_LOC_STRINGS = YES;
				SWIFT_VERSION = 5.0;
				TARGETED_DEVICE_FAMILY = 1;
			};
			name = Release;
		};
		0FE57F4528C3E1C400874B3D /* Debug */ = {
			isa = XCBuildConfiguration;
			buildSettings = {
				BUNDLE_LOADER = "$(TEST_HOST)";
				CODE_SIGN_STYLE = Automatic;
				CURRENT_PROJECT_VERSION = 1;
				DEVELOPMENT_TEAM = X363N4R9JN;
				GENERATE_INFOPLIST_FILE = YES;
				MARKETING_VERSION = 1.0;
				PRODUCT_BUNDLE_IDENTIFIER = com.TopStoriesTests;
				PRODUCT_NAME = "$(TARGET_NAME)";
				SWIFT_EMIT_LOC_STRINGS = NO;
				SWIFT_VERSION = 5.0;
				TARGETED_DEVICE_FAMILY = "1,2";
				TEST_HOST = "$(BUILT_PRODUCTS_DIR)/TopStories.app/TopStories";
			};
			name = Debug;
		};
		0FE57F4628C3E1C400874B3D /* Release */ = {
			isa = XCBuildConfiguration;
			buildSettings = {
				BUNDLE_LOADER = "$(TEST_HOST)";
				CODE_SIGN_STYLE = Automatic;
				CURRENT_PROJECT_VERSION = 1;
				DEVELOPMENT_TEAM = X363N4R9JN;
				GENERATE_INFOPLIST_FILE = YES;
				MARKETING_VERSION = 1.0;
				PRODUCT_BUNDLE_IDENTIFIER = com.TopStoriesTests;
				PRODUCT_NAME = "$(TARGET_NAME)";
				SWIFT_EMIT_LOC_STRINGS = NO;
				SWIFT_VERSION = 5.0;
				TARGETED_DEVICE_FAMILY = "1,2";
				TEST_HOST = "$(BUILT_PRODUCTS_DIR)/TopStories.app/TopStories";
			};
			name = Release;
		};
/* End XCBuildConfiguration section */

/* Begin XCConfigurationList section */
		0FE57EF928C3777900874B3D /* Build configuration list for PBXProject "TopStories" */ = {
			isa = XCConfigurationList;
			buildConfigurations = (
				0FE57F1028C3777C00874B3D /* Debug */,
				0FE57F1128C3777C00874B3D /* Release */,
			);
			defaultConfigurationIsVisible = 0;
			defaultConfigurationName = Release;
		};
		0FE57F1228C3777C00874B3D /* Build configuration list for PBXNativeTarget "TopStories" */ = {
			isa = XCConfigurationList;
			buildConfigurations = (
				0FE57F1328C3777C00874B3D /* Debug */,
				0FE57F1428C3777C00874B3D /* Release */,
			);
			defaultConfigurationIsVisible = 0;
			defaultConfigurationName = Release;
		};
		0FE57F4428C3E1C400874B3D /* Build configuration list for PBXNativeTarget "TopStoriesTests" */ = {
			isa = XCConfigurationList;
			buildConfigurations = (
				0FE57F4528C3E1C400874B3D /* Debug */,
				0FE57F4628C3E1C400874B3D /* Release */,
			);
			defaultConfigurationIsVisible = 0;
			defaultConfigurationName = Release;
		};
/* End XCConfigurationList section */
	};
	rootObject = 0FE57EF628C3777900874B3D /* Project object */;
}
